
Microsoft Visual Studio Solution File, Format Version 11.00
# Visual Studio 2010
Project("{FAE04EC0-301F-11D3-BF4B-00C04F79EFBC}") = "DungeonArchitect", "DungeonArchitect.csproj", "{b0979bd1-54fe-7bcb-1a44-752f784459de}"
EndProject
Project("{FAE04EC0-301F-11D3-BF4B-00C04F79EFBC}") = "DungeonArchitect.Editor", "DungeonArchitect.Editor.csproj", "{96baf88d-9e82-bc62-1549-0c626b6d22cb}"
EndProject
Project("{FAE04EC0-301F-11D3-BF4B-00C04F79EFBC}") = "Assembly-CSharp", "Assembly-CSharp.csproj", "{65deadf5-e14a-d87a-ca3a-bb319f70ddc1}"
EndProject
Project("{FAE04EC0-301F-11D3-BF4B-00C04F79EFBC}") = "Assembly-CSharp-Editor", "Assembly-CSharp-Editor.csproj", "{654876c1-2f7d-c8bb-7eb3-3d2df8c97a67}"
EndProject
Global
	GlobalSection(SolutionConfigurationPlatforms) = preSolution
		Debug|Any CPU = Debug|Any CPU
	EndGlobalSection
	GlobalSection(ProjectConfigurationPlatforms) = postSolution
		{b0979bd1-54fe-7bcb-1a44-752f784459de}.Debug|Any CPU.ActiveCfg = Debug|Any CPU
		{b0979bd1-54fe-7bcb-1a44-752f784459de}.Debug|Any CPU.Build.0 = Debug|Any CPU
		{96baf88d-9e82-bc62-1549-0c626b6d22cb}.Debug|Any CPU.ActiveCfg = Debug|Any CPU
		{96baf88d-9e82-bc62-1549-0c626b6d22cb}.Debug|Any CPU.Build.0 = Debug|Any CPU
		{65deadf5-e14a-d87a-ca3a-bb319f70ddc1}.Debug|Any CPU.ActiveCfg = Debug|Any CPU
		{65deadf5-e14a-d87a-ca3a-bb319f70ddc1}.Debug|Any CPU.Build.0 = Debug|Any CPU
		{654876c1-2f7d-c8bb-7eb3-3d2df8c97a67}.Debug|Any CPU.ActiveCfg = Debug|Any CPU
		{654876c1-2f7d-c8bb-7eb3-3d2df8c97a67}.Debug|Any CPU.Build.0 = Debug|Any CPU
	EndGlobalSection
	GlobalSection(SolutionProperties) = preSolution
		HideSolutionNode = FALSE
	EndGlobalSection
EndGlobal
